
Microsoft Visual Studio Solution File, Format Version 12.00
# Visual Studio Version 17
VisualStudioVersion = 17.5.33424.131
MinimumVisualStudioVersion = 10.0.40219.1
Project("{9A19103F-16F7-4668-BE54-9A1E7A4F7556}") = "test", "test.csproj", "{07028359-D55E-4BB0-948C-0E5F6A53EE87}"
EndProject
Global
	GlobalSection(SolutionConfigurationPlatforms) = preSolution
		Debug|Any CPU = Debug|Any CPU
		Release|Any CPU = Release|Any CPU
	EndGlobalSection
	GlobalSection(ProjectConfigurationPlatforms) = postSolution
		{07028359-D55E-4BB0-948C-0E5F6A53EE87}.Debug|Any CPU.ActiveCfg = Debug|Any CPU
		{07028359-D55E-4BB0-948C-0E5F6A53EE87}.Debug|Any CPU.Build.0 = Debug|Any CPU
		{07028359-D55E-4BB0-948C-0E5F6A53EE87}.Release|Any CPU.ActiveCfg = Release|Any CPU
		{07028359-D55E-4BB0-948C-0E5F6A53EE87}.Release|Any CPU.Build.0 = Release|Any CPU
	EndGlobalSection
	GlobalSection(SolutionProperties) = preSolution
		HideSolutionNode = FALSE
	EndGlobalSection
	GlobalSection(ExtensibilityGlobals) = postSolution
		SolutionGuid = {974B994B-4C44-4391-A659-8012DC30768A}
	EndGlobalSection
EndGlobal
